<?xml version="1.0" encoding="utf-8"?>
<Project ToolsVersion="4.0" xmlns="http://schemas.microsoft.com/developer/msbuild/2003">
  <ItemGroup>
    <Filter Include="Source Files">
      <UniqueIdentifier>{4FC737F1-C7A5-4376-A066-2A32D752A2FF}</UniqueIdentifier>
      <Extensions>cpp;c;cc;cxx;c++;cppm;ixx;def;odl;idl;hpj;bat;asm;asmx</Extensions>
    </Filter>
    <Filter Include="Header Files">
      <UniqueIdentifier>{93995380-89BD-4b04-88EB-625FBE52EBFB}</UniqueIdentifier>
      <Extensions>h;hh;hpp;hxx;h++;hm;inl;inc;ipp;xsd</Extensions>
    </Filter>
    <Filter Include="Resource Files">
      <UniqueIdentifier>{67DA6AB6-F800-4c08-8B7A-83BB121AAD01}</UniqueIdentifier>
      <Extensions>rc;ico;cur;bmp;dlg;rc2;rct;bin;rgs;gif;jpg;jpeg;jpe;resx;tiff;tif;png;wav;mfcribbon-ms</Extensions>
    </Filter>
    <Filter Include="Components">
      <UniqueIdentifier>{ba551afb-c6e0-4378-9e53-d87dccd6f461}</UniqueIdentifier>
    </Filter>
    <Filter Include="Input">
      <UniqueIdentifier>{22b1eddf-def1-45a4-a489-e132a5f1a790}</UniqueIdentifier>
    </Filter>
    <Filter Include="Observers">
      <UniqueIdentifier>{f29c3c64-f190-4db3-b4a6-2b74b1b01545}</UniqueIdentifier>
    </Filter>
  </ItemGroup>
  <ItemGroup>
    <ClCompile Include="Tron.cpp">
      <Filter>Source Files</Filter>
    </ClCompile>
    <ClCompile Include="..\Minigin\BulletComponent.cpp">
      <Filter>Components</Filter>
    </ClCompile>
    <ClCompile Include="..\Minigin\BulletManager.cpp">
      <Filter>Components</Filter>
    </ClCompile>
    <ClCompile Include="..\Minigin\fpsCounter.cpp">
      <Filter>Components</Filter>
    </ClCompile>
    <ClCompile Include="..\Minigin\HealthComponent.cpp">
      <Filter>Components</Filter>
    </ClCompile>
    <ClCompile Include="..\Minigin\RenderComponent.cpp">
      <Filter>Components</Filter>
    </ClCompile>
    <ClCompile Include="..\Minigin\RotateComponent.cpp">
      <Filter>Components</Filter>
    </ClCompile>
    <ClCompile Include="..\Minigin\ScoreComponent.cpp">
      <Filter>Components</Filter>
    </ClCompile>
    <ClCompile Include="..\Minigin\TextObject.cpp">
      <Filter>Components</Filter>
    </ClCompile>
    <ClCompile Include="..\Minigin\TransformComponent.cpp">
      <Filter>Components</Filter>
    </ClCompile>
    <ClCompile Include="..\Minigin\Command.cpp">
      <Filter>Input</Filter>
    </ClCompile>
    <ClCompile Include="..\Minigin\CollisionBoxComponent.cpp">
      <Filter>Components</Filter>
    </ClCompile>
    <ClCompile Include="AimComponent.cpp">
      <Filter>Components</Filter>
    </ClCompile>
    <ClCompile Include="..\Minigin\HealthObserver.cpp">
      <Filter>Observers</Filter>
    </ClCompile>
  </ItemGroup>
  <ItemGroup>
    <ClInclude Include="..\Minigin\BulletComponent.h">
      <Filter>Components</Filter>
    </ClInclude>
    <ClInclude Include="..\Minigin\BulletManager.h">
      <Filter>Components</Filter>
    </ClInclude>
    <ClInclude Include="..\Minigin\fpsCounter.h">
      <Filter>Components</Filter>
    </ClInclude>
    <ClInclude Include="..\Minigin\HealthComponent.h">
      <Filter>Components</Filter>
    </ClInclude>
    <ClInclude Include="..\Minigin\RenderComponent.h">
      <Filter>Components</Filter>
    </ClInclude>
    <ClInclude Include="..\Minigin\RotateComponent.h">
      <Filter>Components</Filter>
    </ClInclude>
    <ClInclude Include="..\Minigin\ScoreComponent.h">
      <Filter>Components</Filter>
    </ClInclude>
    <ClInclude Include="..\Minigin\TextObject.h">
      <Filter>Components</Filter>
    </ClInclude>
    <ClInclude Include="..\Minigin\TransformComponent.h">
      <Filter>Components</Filter>
    </ClInclude>
    <ClInclude Include="..\Minigin\Command.h">
      <Filter>Input</Filter>
    </ClInclude>
    <ClInclude Include="..\Minigin\CollisionBoxComponent.h">
      <Filter>Components</Filter>
    </ClInclude>
    <ClInclude Include="AimComponent.h">
      <Filter>Components</Filter>
    </ClInclude>
    <ClInclude Include="..\Minigin\HealthObserver.h">
      <Filter>Observers</Filter>
    </ClInclude>
  </ItemGroup>
</Project>