<?xml version="1.0" encoding="utf-8"?>
<Project ToolsVersion="4.0" xmlns="http://schemas.microsoft.com/developer/msbuild/2003">
  <ItemGroup>
    <Filter Include="Resource Files">
      <UniqueIdentifier>{67DA6AB6-F800-4c08-8B7A-83BB121AAD01}</UniqueIdentifier>
      <Extensions>rc;ico;cur;bmp;dlg;rc2;rct;bin;rgs;gif;jpg;jpeg;jpe;resx;tiff;tif;png;wav;mfcribbon-ms</Extensions>
    </Filter>
    <Filter Include="Framework">
      <UniqueIdentifier>{b3cce291-5e38-4570-b968-9133181d1e70}</UniqueIdentifier>
    </Filter>
    <Filter Include="Framework\Components">
      <UniqueIdentifier>{b7d7b82d-36f1-402b-9eef-4d3413697711}</UniqueIdentifier>
    </Filter>
    <Filter Include="Framework\Engine">
      <UniqueIdentifier>{e6f52837-6c20-4d9b-95ae-f88cd214f0e9}</UniqueIdentifier>
    </Filter>
    <Filter Include="Framework\Engine\Source Files">
      <UniqueIdentifier>{4FC737F1-C7A5-4376-A066-2A32D752A2FF}</UniqueIdentifier>
      <Extensions>cpp;c;cc;cxx;def;odl;idl;hpj;bat;asm;asmx</Extensions>
    </Filter>
    <Filter Include="Framework\Engine\Header Files">
      <UniqueIdentifier>{93995380-89BD-4b04-88EB-625FBE52EBFB}</UniqueIdentifier>
      <Extensions>h;hh;hpp;hxx;hm;inl;inc;xsd</Extensions>
    </Filter>
    <Filter Include="Framework\Input">
      <UniqueIdentifier>{8cbcfa6d-c7e2-4ff5-8e68-79ddf0fcb4c2}</UniqueIdentifier>
    </Filter>
    <Filter Include="Framework\Observer">
      <UniqueIdentifier>{c3a92c9b-a6a1-4c82-9ef1-1603051e0be7}</UniqueIdentifier>
    </Filter>
    <Filter Include="Framework\Audio">
      <UniqueIdentifier>{d4f34889-a752-4a5a-8ed5-110624f3c9e1}</UniqueIdentifier>
    </Filter>
    <Filter Include="Framework\Level">
      <UniqueIdentifier>{05f4236e-1d28-4c8e-b0f9-c0d4c86e7714}</UniqueIdentifier>
    </Filter>
    <Filter Include="Framework\Components\AI">
      <UniqueIdentifier>{c01776a1-3497-43a7-9a1f-6264b270b320}</UniqueIdentifier>
    </Filter>
    <Filter Include="FSM">
      <UniqueIdentifier>{bd63438f-c25d-47a1-ad72-c3a01f3c0cdc}</UniqueIdentifier>
    </Filter>
  </ItemGroup>
  <ItemGroup>
    <ClInclude Include="Singleton.h">
      <Filter>Framework\Engine\Header Files</Filter>
    </ClInclude>
    <ClInclude Include="ResourceManager.h">
      <Filter>Framework\Engine\Header Files</Filter>
    </ClInclude>
    <ClInclude Include="Renderer.h">
      <Filter>Framework\Engine\Header Files</Filter>
    </ClInclude>
    <ClInclude Include="Texture2D.h">
      <Filter>Framework\Engine\Header Files</Filter>
    </ClInclude>
    <ClInclude Include="Transform.h">
      <Filter>Framework\Engine\Header Files</Filter>
    </ClInclude>
    <ClInclude Include="Scene.h">
      <Filter>Framework\Engine\Header Files</Filter>
    </ClInclude>
    <ClInclude Include="Font.h">
      <Filter>Framework\Engine\Header Files</Filter>
    </ClInclude>
    <ClInclude Include="Minigin.h">
      <Filter>Framework\Engine\Header Files</Filter>
    </ClInclude>
    <ClInclude Include="TimeClass.h">
      <Filter>Framework\Engine\Header Files</Filter>
    </ClInclude>
    <ClInclude Include="BaseComponent.h">
      <Filter>Framework\Components</Filter>
    </ClInclude>
    <ClInclude Include="GameObject.h">
      <Filter>Framework\Components</Filter>
    </ClInclude>
    <ClInclude Include="InputManager.h">
      <Filter>Framework\Input</Filter>
    </ClInclude>
    <ClInclude Include="ControllerXbox.h">
      <Filter>Framework\Input</Filter>
    </ClInclude>
    <ClInclude Include="Observer.h">
      <Filter>Framework\Observer</Filter>
    </ClInclude>
    <ClInclude Include="SceneManager.h">
      <Filter>Framework\Engine\Header Files</Filter>
    </ClInclude>
    <ClInclude Include="ServiceLocator.h">
      <Filter>Framework\Audio</Filter>
    </ClInclude>
    <ClInclude Include="SoundSystem.h">
      <Filter>Framework\Audio</Filter>
    </ClInclude>
    <ClInclude Include="SoundEffectSystem.h">
      <Filter>Framework\Audio</Filter>
    </ClInclude>
    <ClInclude Include="Decorator.h">
      <Filter>Framework\Audio</Filter>
    </ClInclude>
    <ClInclude Include="CollisionDetector.h">
      <Filter>Framework\Engine\Header Files</Filter>
    </ClInclude>
    <ClInclude Include="LevelGenerator.h">
      <Filter>Framework\Level</Filter>
    </ClInclude>
    <ClInclude Include="VisionComponent.h">
      <Filter>Framework\Components\AI</Filter>
    </ClInclude>
    <ClInclude Include="PlayerState.h">
      <Filter>FSM</Filter>
    </ClInclude>
    <ClInclude Include="Move.h">
      <Filter>FSM</Filter>
    </ClInclude>
    <ClInclude Include="AIComonent.h">
      <Filter>Framework\Components\AI</Filter>
    </ClInclude>
    <ClInclude Include="Idle.h">
      <Filter>FSM</Filter>
    </ClInclude>
    <ClInclude Include="Turn.h">
      <Filter>FSM</Filter>
    </ClInclude>
    <ClInclude Include="Shoot.h">
      <Filter>FSM</Filter>
    </ClInclude>
    <ClInclude Include="Gamemode.h">
      <Filter>Framework\Engine\Header Files</Filter>
    </ClInclude>
  </ItemGroup>
  <ItemGroup>
    <ClCompile Include="ResourceManager.cpp">
      <Filter>Framework\Engine\Source Files</Filter>
    </ClCompile>
    <ClCompile Include="Renderer.cpp">
      <Filter>Framework\Engine\Source Files</Filter>
    </ClCompile>
    <ClCompile Include="Texture2D.cpp">
      <Filter>Framework\Engine\Source Files</Filter>
    </ClCompile>
    <ClCompile Include="Transform.cpp">
      <Filter>Framework\Engine\Source Files</Filter>
    </ClCompile>
    <ClCompile Include="Scene.cpp">
      <Filter>Framework\Engine\Source Files</Filter>
    </ClCompile>
    <ClCompile Include="SceneManager.cpp">
      <Filter>Framework\Engine\Source Files</Filter>
    </ClCompile>
    <ClCompile Include="Font.cpp">
      <Filter>Framework\Engine\Source Files</Filter>
    </ClCompile>
    <ClCompile Include="Main.cpp">
      <Filter>Framework\Engine\Source Files</Filter>
    </ClCompile>
    <ClCompile Include="Minigin.cpp">
      <Filter>Framework\Engine\Source Files</Filter>
    </ClCompile>
    <ClCompile Include="TimeClass.cpp">
      <Filter>Framework\Engine\Source Files</Filter>
    </ClCompile>
    <ClCompile Include="BaseComponent.cpp">
      <Filter>Framework\Components</Filter>
    </ClCompile>
    <ClCompile Include="GameObject.cpp">
      <Filter>Framework\Components</Filter>
    </ClCompile>
    <ClCompile Include="InputManager.cpp">
      <Filter>Framework\Input</Filter>
    </ClCompile>
    <ClCompile Include="ControllerXbox.cpp">
      <Filter>Framework\Input</Filter>
    </ClCompile>
    <ClCompile Include="ServiceLocator.cpp">
      <Filter>Framework\Audio</Filter>
    </ClCompile>
    <ClCompile Include="SoundEffectSystem.cpp">
      <Filter>Framework\Audio</Filter>
    </ClCompile>
    <ClCompile Include="Decorator.cpp">
      <Filter>Framework\Audio</Filter>
    </ClCompile>
    <ClCompile Include="CollisionDetector.cpp">
      <Filter>Framework\Engine\Source Files</Filter>
    </ClCompile>
    <ClCompile Include="LevelGenerator.cpp">
      <Filter>Framework\Level</Filter>
    </ClCompile>
    <ClCompile Include="VisionComponent.cpp">
      <Filter>Framework\Components\AI</Filter>
    </ClCompile>
    <ClCompile Include="Move.cpp">
      <Filter>FSM</Filter>
    </ClCompile>
    <ClCompile Include="AIComonent.cpp">
      <Filter>Framework\Components\AI</Filter>
    </ClCompile>
    <ClCompile Include="Idle.cpp">
      <Filter>FSM</Filter>
    </ClCompile>
    <ClCompile Include="Turn.cpp">
      <Filter>FSM</Filter>
    </ClCompile>
    <ClCompile Include="Shoot.cpp">
      <Filter>FSM</Filter>
    </ClCompile>
    <ClCompile Include="Gamemode.cpp">
      <Filter>Framework\Engine\Source Files</Filter>
    </ClCompile>
  </ItemGroup>
</Project>