<?xml version="1.0" encoding="utf-8"?>
<Project ToolsVersion="4.0" xmlns="http://schemas.microsoft.com/developer/msbuild/2003">
  <ItemGroup>
    <Filter Include="Resource Files">
      <UniqueIdentifier>{67DA6AB6-F800-4c08-8B7A-83BB121AAD01}</UniqueIdentifier>
      <Extensions>rc;ico;cur;bmp;dlg;rc2;rct;bin;rgs;gif;jpg;jpeg;jpe;resx;tiff;tif;png;wav;mfcribbon-ms</Extensions>
    </Filter>
    <Filter Include="Framework">
      <UniqueIdentifier>{b3cce291-5e38-4570-b968-9133181d1e70}</UniqueIdentifier>
    </Filter>
    <Filter Include="Components">
      <UniqueIdentifier>{095ed47c-8b90-467e-8463-fe7d8b14f9e0}</UniqueIdentifier>
    </Filter>
    <Filter Include="Framework\Components">
      <UniqueIdentifier>{b7d7b82d-36f1-402b-9eef-4d3413697711}</UniqueIdentifier>
    </Filter>
    <Filter Include="Framework\Engine">
      <UniqueIdentifier>{e6f52837-6c20-4d9b-95ae-f88cd214f0e9}</UniqueIdentifier>
    </Filter>
    <Filter Include="Framework\Engine\Source Files">
      <UniqueIdentifier>{4FC737F1-C7A5-4376-A066-2A32D752A2FF}</UniqueIdentifier>
      <Extensions>cpp;c;cc;cxx;def;odl;idl;hpj;bat;asm;asmx</Extensions>
    </Filter>
    <Filter Include="Framework\Engine\Header Files">
      <UniqueIdentifier>{93995380-89BD-4b04-88EB-625FBE52EBFB}</UniqueIdentifier>
      <Extensions>h;hh;hpp;hxx;hm;inl;inc;xsd</Extensions>
    </Filter>
    <Filter Include="Framework\Input">
      <UniqueIdentifier>{8cbcfa6d-c7e2-4ff5-8e68-79ddf0fcb4c2}</UniqueIdentifier>
    </Filter>
    <Filter Include="Framework\Observer">
      <UniqueIdentifier>{c3a92c9b-a6a1-4c82-9ef1-1603051e0be7}</UniqueIdentifier>
    </Filter>
  </ItemGroup>
  <ItemGroup>
    <ClInclude Include="Singleton.h">
      <Filter>Framework\Engine\Header Files</Filter>
    </ClInclude>
    <ClInclude Include="ResourceManager.h">
      <Filter>Framework\Engine\Header Files</Filter>
    </ClInclude>
    <ClInclude Include="Renderer.h">
      <Filter>Framework\Engine\Header Files</Filter>
    </ClInclude>
    <ClInclude Include="Texture2D.h">
      <Filter>Framework\Engine\Header Files</Filter>
    </ClInclude>
    <ClInclude Include="Transform.h">
      <Filter>Framework\Engine\Header Files</Filter>
    </ClInclude>
    <ClInclude Include="Scene.h">
      <Filter>Framework\Engine\Header Files</Filter>
    </ClInclude>
    <ClInclude Include="Font.h">
      <Filter>Framework\Engine\Header Files</Filter>
    </ClInclude>
    <ClInclude Include="Minigin.h">
      <Filter>Framework\Engine\Header Files</Filter>
    </ClInclude>
    <ClInclude Include="TimeClass.h">
      <Filter>Framework\Engine\Header Files</Filter>
    </ClInclude>
    <ClInclude Include="TransformComponent.h">
      <Filter>Framework\Components</Filter>
    </ClInclude>
    <ClInclude Include="BaseComponent.h">
      <Filter>Framework\Components</Filter>
    </ClInclude>
    <ClInclude Include="fpsCounter.h">
      <Filter>Framework\Components</Filter>
    </ClInclude>
    <ClInclude Include="GameObject.h">
      <Filter>Framework\Components</Filter>
    </ClInclude>
    <ClInclude Include="RenderComponent.h">
      <Filter>Framework\Components</Filter>
    </ClInclude>
    <ClInclude Include="TextObject.h">
      <Filter>Framework\Components</Filter>
    </ClInclude>
    <ClInclude Include="RotateComponent.h">
      <Filter>Framework\Components</Filter>
    </ClInclude>
    <ClInclude Include="InputManager.h">
      <Filter>Framework\Input</Filter>
    </ClInclude>
    <ClInclude Include="ControllerXbox.h">
      <Filter>Framework\Input</Filter>
    </ClInclude>
    <ClInclude Include="Command.h">
      <Filter>Framework\Input</Filter>
    </ClInclude>
    <ClInclude Include="Observer.h">
      <Filter>Framework\Observer</Filter>
    </ClInclude>
    <ClInclude Include="Achievement.h">
      <Filter>Framework\Observer</Filter>
    </ClInclude>
    <ClInclude Include="Subject.h">
      <Filter>Framework\Observer</Filter>
    </ClInclude>
    <ClInclude Include="HealthDisplayObserver.h">
      <Filter>Framework\Observer</Filter>
    </ClInclude>
    <ClInclude Include="HealthComponent.h">
      <Filter>Framework\Components</Filter>
    </ClInclude>
    <ClInclude Include="ScoreDisplayObserver.h">
      <Filter>Framework\Observer</Filter>
    </ClInclude>
    <ClInclude Include="ScoreComponent.h">
      <Filter>Framework\Components</Filter>
    </ClInclude>
    <ClInclude Include="SceneManager.h">
      <Filter>Framework\Engine\Header Files</Filter>
    </ClInclude>
    <ClInclude Include="BulletComponent.h">
      <Filter>Framework\Components</Filter>
    </ClInclude>
    <ClInclude Include="BulletManager.h">
      <Filter>Framework\Components</Filter>
    </ClInclude>
  </ItemGroup>
  <ItemGroup>
    <ClCompile Include="ResourceManager.cpp">
      <Filter>Framework\Engine\Source Files</Filter>
    </ClCompile>
    <ClCompile Include="Renderer.cpp">
      <Filter>Framework\Engine\Source Files</Filter>
    </ClCompile>
    <ClCompile Include="Texture2D.cpp">
      <Filter>Framework\Engine\Source Files</Filter>
    </ClCompile>
    <ClCompile Include="Transform.cpp">
      <Filter>Framework\Engine\Source Files</Filter>
    </ClCompile>
    <ClCompile Include="Scene.cpp">
      <Filter>Framework\Engine\Source Files</Filter>
    </ClCompile>
    <ClCompile Include="SceneManager.cpp">
      <Filter>Framework\Engine\Source Files</Filter>
    </ClCompile>
    <ClCompile Include="Font.cpp">
      <Filter>Framework\Engine\Source Files</Filter>
    </ClCompile>
    <ClCompile Include="Main.cpp">
      <Filter>Framework\Engine\Source Files</Filter>
    </ClCompile>
    <ClCompile Include="Minigin.cpp">
      <Filter>Framework\Engine\Source Files</Filter>
    </ClCompile>
    <ClCompile Include="TimeClass.cpp">
      <Filter>Framework\Engine\Source Files</Filter>
    </ClCompile>
    <ClCompile Include="BaseComponent.cpp">
      <Filter>Framework\Components</Filter>
    </ClCompile>
    <ClCompile Include="fpsCounter.cpp">
      <Filter>Framework\Components</Filter>
    </ClCompile>
    <ClCompile Include="RenderComponent.cpp">
      <Filter>Framework\Components</Filter>
    </ClCompile>
    <ClCompile Include="GameObject.cpp">
      <Filter>Framework\Components</Filter>
    </ClCompile>
    <ClCompile Include="TransformComponent.cpp">
      <Filter>Framework\Components</Filter>
    </ClCompile>
    <ClCompile Include="TextObject.cpp">
      <Filter>Framework\Components</Filter>
    </ClCompile>
    <ClCompile Include="RotateComponent.cpp">
      <Filter>Framework\Components</Filter>
    </ClCompile>
    <ClCompile Include="InputManager.cpp">
      <Filter>Framework\Input</Filter>
    </ClCompile>
    <ClCompile Include="ControllerXbox.cpp">
      <Filter>Framework\Input</Filter>
    </ClCompile>
    <ClCompile Include="Command.cpp">
      <Filter>Framework\Input</Filter>
    </ClCompile>
    <ClCompile Include="Achievement.cpp">
      <Filter>Framework\Observer</Filter>
    </ClCompile>
    <ClCompile Include="Subject.cpp">
      <Filter>Framework\Observer</Filter>
    </ClCompile>
    <ClCompile Include="Observer.cpp">
      <Filter>Framework\Engine\Source Files</Filter>
    </ClCompile>
    <ClCompile Include="HealthDisplayObserver.cpp">
      <Filter>Framework\Observer</Filter>
    </ClCompile>
    <ClCompile Include="HealthComponent.cpp">
      <Filter>Framework\Components</Filter>
    </ClCompile>
    <ClCompile Include="ScoreDisplayObserver.cpp">
      <Filter>Framework\Observer</Filter>
    </ClCompile>
    <ClCompile Include="ScoreComponent.cpp">
      <Filter>Framework\Components</Filter>
    </ClCompile>
    <ClCompile Include="BulletComponent.cpp">
      <Filter>Framework\Components</Filter>
    </ClCompile>
    <ClCompile Include="BulletManager.cpp">
      <Filter>Framework\Components</Filter>
    </ClCompile>
  </ItemGroup>
</Project>